
Microsoft Visual Studio Solution File, Format Version 12.00
# Visual Studio Version 17
VisualStudioVersion = 17.5.33530.505
MinimumVisualStudioVersion = 10.0.40219.1
Project("{FAE04EC0-301F-11D3-BF4B-00C04F79EFBC}") = "ELibraryManagement", "ELibraryManagement\ELibraryManagement.csproj", "{A68DA1FF-8F0F-4187-B3D8-D39816A5791E}"
EndProject
Global
	GlobalSection(SolutionConfigurationPlatforms) = preSolution
		Debug|Any CPU = Debug|Any CPU
		Release|Any CPU = Release|Any CPU
	EndGlobalSection
	GlobalSection(ProjectConfigurationPlatforms) = postSolution
		{A68DA1FF-8F0F-4187-B3D8-D39816A5791E}.Debug|Any CPU.ActiveCfg = Debug|Any CPU
		{A68DA1FF-8F0F-4187-B3D8-D39816A5791E}.Debug|Any CPU.Build.0 = Debug|Any CPU
		{A68DA1FF-8F0F-4187-B3D8-D39816A5791E}.Release|Any CPU.ActiveCfg = Release|Any CPU
		{A68DA1FF-8F0F-4187-B3D8-D39816A5791E}.Release|Any CPU.Build.0 = Release|Any CPU
	EndGlobalSection
	GlobalSection(SolutionProperties) = preSolution
		HideSolutionNode = FALSE
	EndGlobalSection
	GlobalSection(ExtensibilityGlobals) = postSolution
		SolutionGuid = {72281A9E-336F-44E7-90AF-56012C271921}
	EndGlobalSection
EndGlobal
